lockfileVersion: 5.4

specifiers:
  '@tanstack/svelte-query': ^4.24.3
  '@trpc/client': ^10.9.0
  '@trpc/server': ^10.9.0
  proxy-deep: ^3.1.1
  svelte: ^3.55.1
  trpc-sveltekit: ^3.2.5

dependencies:
  '@tanstack/svelte-query': 4.24.3_svelte@3.55.1
  '@trpc/client': 10.9.0_@trpc+server@10.9.0
  '@trpc/server': 10.9.0
  proxy-deep: 3.1.1
  svelte: 3.55.1
  trpc-sveltekit: 3.2.5

packages:

  /@tanstack/query-core/4.24.3:
    resolution: {integrity: sha512-vThlbfbcilUGjIs4K3enVvS39vsYOmguBcLa7foSqCrE5kvhxXEk4TutB9NzYHx/4LYMvheeLTegod0cSMjQWg==}
    dev: false

  /@tanstack/svelte-query/4.24.3_svelte@3.55.1:
    resolution: {integrity: sha512-hy4bSvQcE1piAeyPBGls/oNDfE/VnK95Q9/8q07YNE36yYChgoZ8ZOOM+J03MPNRi4Nl5gBBjvHVppR41hqd1Q==}
    peerDependencies:
      svelte: ^3.54.0
    dependencies:
      '@tanstack/query-core': 4.24.3
      svelte: 3.55.1
    dev: false

  /@trpc/client/10.9.0_@trpc+server@10.9.0:
    resolution: {integrity: sha512-id6318qpgqllNOuBp7nuciXFPXCe+zae5d4r1hze6Eyp5fFFNO58TqA+4Q44KIcHgpfWyW2egs6iPeql3PrdKA==}
    peerDependencies:
      '@trpc/server': 10.9.0
    dependencies:
      '@trpc/server': 10.9.0
    dev: false

  /@trpc/server/10.9.0:
    resolution: {integrity: sha512-5psyZgbvy29pJND32hwkWTMbv6s86IbsPOeDopsgNF0VegZT6Dsijmb7Ub/TDhuJVQVq5u4u5briMXi3SxmBkw==}
    dev: false

  /proxy-deep/3.1.1:
    resolution: {integrity: sha512-kppbvLUNJ4IOMZds9/4gz/rtT5OFiesy3XosLsgMKlF3vb6GA5Y3ptyDlzKLcOcUBW+zaY+RiMINTsgE+O6e+Q==}
    dev: false

  /svelte/3.55.1:
    resolution: {integrity: sha512-S+87/P0Ve67HxKkEV23iCdAh/SX1xiSfjF1HOglno/YTbSTW7RniICMCofWGdJJbdjw3S+0PfFb1JtGfTXE0oQ==}
    engines: {node: '>= 8'}
    dev: false

  /trpc-sveltekit/3.2.5:
    resolution: {integrity: sha512-b73LSquF0QurtPt7p/sb/4wSzzNaw82aiF1yXLKi1dmpbtoWxeQ3LcmHvJ5q2ohFfBqt7P8cUoyF99J3GTOLug==}
    dependencies:
      '@trpc/client': 10.9.0_@trpc+server@10.9.0
      '@trpc/server': 10.9.0
    dev: false
