lockfileVersion: 5.4

specifiers:
  '@tanstack/svelte-query': ^4.24.4
  '@trpc/client': ^10.10.0
  '@trpc/server': ^10.10.0
  proxy-deep: ^3.1.1
  svelte: ^3.55.1
  typescript: ^4.9.5

dependencies:
  '@tanstack/svelte-query': 4.24.4_svelte@3.55.1
  '@trpc/client': 10.10.0_@trpc+server@10.10.0
  '@trpc/server': 10.10.0
  proxy-deep: 3.1.1
  svelte: 3.55.1

devDependencies:
  typescript: 4.9.5

packages:

  /@tanstack/query-core/4.24.4:
    resolution: {integrity: sha512-9dqjv9eeB6VHN7lD3cLo16ZAjfjCsdXetSAD5+VyKqLUvcKTL0CklGQRJu+bWzdrS69R6Ea4UZo8obHYZnG6aA==}
    dev: false

  /@tanstack/svelte-query/4.24.4_svelte@3.55.1:
    resolution: {integrity: sha512-B2N+nNPOe9wxZ01i3Ebvkc8vDX9ZDQTiaazXqpld7O27R+zhIBlk6MU8vNzPBDSKrhhl2kak8SwyJOExsVZQXA==}
    peerDependencies:
      svelte: ^3.54.0
    dependencies:
      '@tanstack/query-core': 4.24.4
      svelte: 3.55.1
    dev: false

  /@trpc/client/10.10.0_@trpc+server@10.10.0:
    resolution: {integrity: sha512-HRVGkOsR4FIYpyQILP84HLbj6pRnLKgxy4AIelTf9d9TxD60M5bNhbR2Uz3hqNSb9a2ppaRJBLv7twlV9b4qHQ==}
    peerDependencies:
      '@trpc/server': 10.10.0
    dependencies:
      '@trpc/server': 10.10.0
    dev: false

  /@trpc/server/10.10.0:
    resolution: {integrity: sha512-tCTqcqBT+3nebYFTHtwM877qo5xQPtVlptxKdUzMVWleWT4lFTL4oddk45qVURToci2iMbVJjd4jQU9y9/XwlQ==}
    dev: false

  /proxy-deep/3.1.1:
    resolution: {integrity: sha512-kppbvLUNJ4IOMZds9/4gz/rtT5OFiesy3XosLsgMKlF3vb6GA5Y3ptyDlzKLcOcUBW+zaY+RiMINTsgE+O6e+Q==}
    dev: false

  /svelte/3.55.1:
    resolution: {integrity: sha512-S+87/P0Ve67HxKkEV23iCdAh/SX1xiSfjF1HOglno/YTbSTW7RniICMCofWGdJJbdjw3S+0PfFb1JtGfTXE0oQ==}
    engines: {node: '>= 8'}
    dev: false

  /typescript/4.9.5:
    resolution: {integrity: sha512-1FXk9E2Hm+QzZQ7z+McJiHL4NW1F2EzMu9Nq9i3zAaGqibafqYwCVU6WyWAuyQRRzOlxou8xZSyXLEN8oKj24g==}
    engines: {node: '>=4.2.0'}
    hasBin: true
    dev: true
